<?xml version="1.0" encoding="UTF-8" standalone="yes" ?>
<CodeBlocks_project_file>
	<FileVersion major="1" minor="6" />
	<Project>
		<Option title="tetris" />
		<Option pch_mode="2" />
		<Option compiler="gcc" />
		<Build>
			<Target title="Debug">
				<Option output="bin/Debug/tetris" prefix_auto="1" extension_auto="1" />
				<Option object_output="obj/Debug/" />
				<Option type="1" />
				<Option compiler="gcc" />
				<Compiler>
					<Add option="-g" />
				</Compiler>
			</Target>
			<Target title="Release">
				<Option output="bin/Release/tetris" prefix_auto="1" extension_auto="1" />
				<Option object_output="obj/Release/" />
				<Option type="0" />
				<Option compiler="gcc" />
				<Compiler>
					<Add option="-O2" />
					<Add option="-std=gnu++11" />
					<Add option="-std=c11" />
				</Compiler>
				<Linker>
					<Add option="-O2" />
					<Add option="-s" />
					<Add option="-static-libstdc++" />
					<Add option="-static-libgcc" />
				</Linker>
			</Target>
		</Build>
		<Compiler>
			<Add option="-Wall" />
			<Add directory="libs/SDL2/include/SDL2" />
		</Compiler>
		<Linker>
			<Add library="mingw32" />
			<Add library="SDL2" />		
			<Add library="SDL2main" />	
			<Add library="SDL2_image" />
			<Add library="SDL2_ttf" />
			<Add library="SDL2_mixer" />
			<Add library="SDL2.dll" />
			<Add library="user32" />
			<Add library="gdi32" />
			<Add library="winmm" />
			<Add library="dxguid" />
			<Add library="setupapi" />
			<Add library="hid" />
			<Add library="ole32" />
			<Add library="oleaut32" />
			<Add library="imm32" />
			<Add library="version" />
			<Add library="freetype" /> 
			<Add directory="libs/SDL2/lib" />
		</Linker>
		<ExtraCommands>
			<Add after="XCOPY libs\SDL2\bin\*.dll $(TARGET_OUTPUT_DIR) /Y" />
			<Add after="XCOPY libs\*.dll $(TARGET_OUTPUT_DIR) /Y" />
		</ExtraCommands>
		<Unit filename="animation.cpp" />
		<Unit filename="animation.h" />
		<Unit filename="board.cpp" />
		<Unit filename="board.h" />
		<Unit filename="commonFunction.cpp" />
		<Unit filename="commonFunction.h" />
		<Unit filename="display.cpp" />
		<Unit filename="display.h" />
		<Unit filename="main.cpp" />
		<Unit filename="tetris.cpp" />
		<Unit filename="tetris.h" />
		<Unit filename="tetrisPlay.h" />
		<Unit filename="typeBlocks.cpp" />
		<Unit filename="typeBlocks.h" />
		<Extensions>
			<lib_finder disable_auto="1" />
		</Extensions>
	</Project>
</CodeBlocks_project_file>
